hash: 211a2a0d0c7be235e70f04c900e7ce02dd2a0c156820da1aa21ff6394a1b36fd
updated: 2016-08-09T00:24:47.061755337-04:00
imports:
- name: github.com/2tvenom/myreplication
  version: 121f810367d169ec10a1cb385e7dea4ea5493091
- name: github.com/mgutz/ansi
  version: c286dcecd19ff979eeb73ea444e479b903f2cfcb
- name: github.com/rifflock/lfshook
  version: f9d14dda07b109a7aa56f135c31b34062eb14392
- name: github.com/Sirupsen/logrus
  version: 4b6ea7319e214d98c938f12692336f7ca9348d6b
- name: github.com/x-cray/logrus-prefixed-formatter
  version: 78e945f7d6bfe5a81ce6121d92d8118e44303e58
- name: golang.org/x/sys
  version: a646d33e2ee3172a661fc09bca23bb4889a41bc8
  subpackages:
  - unix
testImports: []
